lockfileVersion: '9.0'

settings:
  autoInstallPeers: true
  excludeLinksFromLockfile: false

importers:

  .:
    dependencies:
      '@radix-ui/react-tooltip':
        specifier: ^1.2.8
        version: 1.2.8(react-dom@19.2.4(react@19.2.4))(react@19.2.4)
      react-icons:
        specifier: ^5.6.0
        version: 5.6.0(react@19.2.4)

packages:

  '@floating-ui/core@1.7.5':
    resolution: {integrity: sha512-1Ih4WTWyw0+lKyFMcBHGbb5U5FtuHJuujoyyr5zTaWS5EYMeT6Jb2AuDeftsCsEuchO+mM2ij5+q9crhydzLhQ==}

  '@floating-ui/dom@1.7.6':
    resolution: {integrity: sha512-9gZSAI5XM36880PPMm//9dfiEngYoC6Am2izES1FF406YFsjvyBMmeJ2g4SAju3xWwtuynNRFL2s9hgxpLI5SQ==}

  '@floating-ui/react-dom@2.1.8':
    resolution: {integrity: sha512-cC52bHwM/n/CxS87FH0yWdngEZrjdtLW/qVruo68qg+prK7ZQ4YGdut2GyDVpoGeAYe/h899rVeOVm6Oi40k2A==}
    peerDependencies:
      react: '>=16.8.0'
      react-dom: '>=16.8.0'

  '@floating-ui/utils@0.2.11':
    resolution: {integrity: sha512-RiB/yIh78pcIxl6lLMG0CgBXAZ2Y0eVHqMPYugu+9U0AeT6YBeiJpf7lbdJNIugFP5SIjwNRgo4DhR1Qxi26Gg==}

  '@radix-ui/primitive@1.1.3':
    resolution: {integrity: sha512-JTF99U/6XIjCBo0wqkU5sK10glYe27MRRsfwoiq5zzOEZLHU3A3KCMa5X/azekYRCJ0HlwI0crAXS/5dEHTzDg==}

  '@radix-ui/react-arrow@1.1.7':
    resolution: {integrity: sha512-F+M1tLhO+mlQaOWspE8Wstg+z6PwxwRd8oQ8IXceWz92kfAmalTRf0EjrouQeo7QssEPfCn05B4Ihs1K9WQ/7w==}
    peerDependencies:
      '@types/react': '*'
      '@types/react-dom': '*'
      react: ^16.8 || ^17.0 || ^18.0 || ^19.0 || ^19.0.0-rc
      react-dom: ^16.8 || ^17.0 || ^18.0 || ^19.0 || ^19.0.0-rc
    peerDependenciesMeta:
      '@types/react':
        optional: true
      '@types/react-dom':
        optional: true

  '@radix-ui/react-compose-refs@1.1.2':
    resolution: {integrity: sha512-z4eqJvfiNnFMHIIvXP3CY57y2WJs5g2v3X0zm9mEJkrkNv4rDxu+sg9Jh8EkXyeqBkB7SOcboo9dMVqhyrACIg==}
    peerDependencies:
      '@types/react': '*'
      react: ^16.8 || ^17.0 || ^18.0 || ^19.0 || ^19.0.0-rc
    peerDependenciesMeta:
      '@types/react':
        optional: true

  '@radix-ui/react-context@1.1.2':
    resolution: {integrity: sha512-jCi/QKUM2r1Ju5a3J64TH2A5SpKAgh0LpknyqdQ4m6DCV0xJ2HG1xARRwNGPQfi1SLdLWZ1OJz6F4OMBBNiGJA==}
    peerDependencies:
      '@types/react': '*'
      react: ^16.8 || ^17.0 || ^18.0 || ^19.0 || ^19.0.0-rc
    peerDependenciesMeta:
      '@types/react':
        optional: true

  '@radix-ui/react-dismissable-layer@1.1.11':
    resolution: {integrity: sha512-Nqcp+t5cTB8BinFkZgXiMJniQH0PsUt2k51FUhbdfeKvc4ACcG2uQniY/8+h1Yv6Kza4Q7lD7PQV0z0oicE0Mg==}
    peerDependencies:
      '@types/react': '*'
      '@types/react-dom': '*'
      react: ^16.8 || ^17.0 || ^18.0 || ^19.0 || ^19.0.0-rc
      react-dom: ^16.8 || ^17.0 || ^18.0 || ^19.0 || ^19.0.0-rc
    peerDependenciesMeta:
      '@types/react':
        optional: true
      '@types/react-dom':
        optional: true

  '@radix-ui/react-id@1.1.1':
    resolution: {integrity: sha512-kGkGegYIdQsOb4XjsfM97rXsiHaBwco+hFI66oO4s9LU+PLAC5oJ7khdOVFxkhsmlbpUqDAvXw11CluXP+jkHg==}
    peerDependencies:
      '@types/react': '*'
      react: ^16.8 || ^17.0 || ^18.0 || ^19.0 || ^19.0.0-rc
    peerDependenciesMeta:
      '@types/react':
        optional: true

  '@radix-ui/react-popper@1.2.8':
    resolution: {integrity: sha512-0NJQ4LFFUuWkE7Oxf0htBKS6zLkkjBH+hM1uk7Ng705ReR8m/uelduy1DBo0PyBXPKVnBA6YBlU94MBGXrSBCw==}
    peerDependencies:
      '@types/react': '*'
      '@types/react-dom': '*'
      react: ^16.8 || ^17.0 || ^18.0 || ^19.0 || ^19.0.0-rc
      react-dom: ^16.8 || ^17.0 || ^18.0 || ^19.0 || ^19.0.0-rc
    peerDependenciesMeta:
      '@types/react':
        optional: true
      '@types/react-dom':
        optional: true

  '@radix-ui/react-portal@1.1.9':
    resolution: {integrity: sha512-bpIxvq03if6UNwXZ+HTK71JLh4APvnXntDc6XOX8UVq4XQOVl7lwok0AvIl+b8zgCw3fSaVTZMpAPPagXbKmHQ==}
    peerDependencies:
      '@types/react': '*'
      '@types/react-dom': '*'
      react: ^16.8 || ^17.0 || ^18.0 || ^19.0 || ^19.0.0-rc
      react-dom: ^16.8 || ^17.0 || ^18.0 || ^19.0 || ^19.0.0-rc
    peerDependenciesMeta:
      '@types/react':
        optional: true
      '@types/react-dom':
        optional: true

  '@radix-ui/react-presence@1.1.5':
    resolution: {integrity: sha512-/jfEwNDdQVBCNvjkGit4h6pMOzq8bHkopq458dPt2lMjx+eBQUohZNG9A7DtO/O5ukSbxuaNGXMjHicgwy6rQQ==}
    peerDependencies:
      '@types/react': '*'
      '@types/react-dom': '*'
      react: ^16.8 || ^17.0 || ^18.0 || ^19.0 || ^19.0.0-rc
      react-dom: ^16.8 || ^17.0 || ^18.0 || ^19.0 || ^19.0.0-rc
    peerDependenciesMeta:
      '@types/react':
        optional: true
      '@types/react-dom':
        optional: true

  '@radix-ui/react-primitive@2.1.3':
    resolution: {integrity: sha512-m9gTwRkhy2lvCPe6QJp4d3G1TYEUHn/FzJUtq9MjH46an1wJU+GdoGC5VLof8RX8Ft/DlpshApkhswDLZzHIcQ==}
    peerDependencies:
      '@types/react': '*'
      '@types/react-dom': '*'
      react: ^16.8 || ^17.0 || ^18.0 || ^19.0 || ^19.0.0-rc
      react-dom: ^16.8 || ^17.0 || ^18.0 || ^19.0 || ^19.0.0-rc
    peerDependenciesMeta:
      '@types/react':
        optional: true
      '@types/react-dom':
        optional: true

  '@radix-ui/react-slot@1.2.3':
    resolution: {integrity: sha512-aeNmHnBxbi2St0au6VBVC7JXFlhLlOnvIIlePNniyUNAClzmtAUEY8/pBiK3iHjufOlwA+c20/8jngo7xcrg8A==}
    peerDependencies:
      '@types/react': '*'
      react: ^16.8 || ^17.0 || ^18.0 || ^19.0 || ^19.0.0-rc
    peerDependenciesMeta:
      '@types/react':
        optional: true

  '@radix-ui/react-tooltip@1.2.8':
    resolution: {integrity: sha512-tY7sVt1yL9ozIxvmbtN5qtmH2krXcBCfjEiCgKGLqunJHvgvZG2Pcl2oQ3kbcZARb1BGEHdkLzcYGO8ynVlieg==}
    peerDependencies:
      '@types/react': '*'
      '@types/react-dom': '*'
      react: ^16.8 || ^17.0 || ^18.0 || ^19.0 || ^19.0.0-rc
      react-dom: ^16.8 || ^17.0 || ^18.0 || ^19.0 || ^19.0.0-rc
    peerDependenciesMeta:
      '@types/react':
        optional: true
      '@types/react-dom':
        optional: true

  '@radix-ui/react-use-callback-ref@1.1.1':
    resolution: {integrity: sha512-FkBMwD+qbGQeMu1cOHnuGB6x4yzPjho8ap5WtbEJ26umhgqVXbhekKUQO+hZEL1vU92a3wHwdp0HAcqAUF5iDg==}
    peerDependencies:
      '@types/react': '*'
      react: ^16.8 || ^17.0 || ^18.0 || ^19.0 || ^19.0.0-rc
    peerDependenciesMeta:
      '@types/react':
        optional: true

  '@radix-ui/react-use-controllable-state@1.2.2':
    resolution: {integrity: sha512-BjasUjixPFdS+NKkypcyyN5Pmg83Olst0+c6vGov0diwTEo6mgdqVR6hxcEgFuh4QrAs7Rc+9KuGJ9TVCj0Zzg==}
    peerDependencies:
      '@types/react': '*'
      react: ^16.8 || ^17.0 || ^18.0 || ^19.0 || ^19.0.0-rc
    peerDependenciesMeta:
      '@types/react':
        optional: true

  '@radix-ui/react-use-effect-event@0.0.2':
    resolution: {integrity: sha512-Qp8WbZOBe+blgpuUT+lw2xheLP8q0oatc9UpmiemEICxGvFLYmHm9QowVZGHtJlGbS6A6yJ3iViad/2cVjnOiA==}
    peerDependencies:
      '@types/react': '*'
      react: ^16.8 || ^17.0 || ^18.0 || ^19.0 || ^19.0.0-rc
    peerDependenciesMeta:
      '@types/react':
        optional: true

  '@radix-ui/react-use-escape-keydown@1.1.1':
    resolution: {integrity: sha512-Il0+boE7w/XebUHyBjroE+DbByORGR9KKmITzbR7MyQ4akpORYP/ZmbhAr0DG7RmmBqoOnZdy2QlvajJ2QA59g==}
    peerDependencies:
      '@types/react': '*'
      react: ^16.8 || ^17.0 || ^18.0 || ^19.0 || ^19.0.0-rc
    peerDependenciesMeta:
      '@types/react':
        optional: true

  '@radix-ui/react-use-layout-effect@1.1.1':
    resolution: {integrity: sha512-RbJRS4UWQFkzHTTwVymMTUv8EqYhOp8dOOviLj2ugtTiXRaRQS7GLGxZTLL1jWhMeoSCf5zmcZkqTl9IiYfXcQ==}
    peerDependencies:
      '@types/react': '*'
      react: ^16.8 || ^17.0 || ^18.0 || ^19.0 || ^19.0.0-rc
    peerDependenciesMeta:
      '@types/react':
        optional: true

  '@radix-ui/react-use-rect@1.1.1':
    resolution: {integrity: sha512-QTYuDesS0VtuHNNvMh+CjlKJ4LJickCMUAqjlE3+j8w+RlRpwyX3apEQKGFzbZGdo7XNG1tXa+bQqIE7HIXT2w==}
    peerDependencies:
      '@types/react': '*'
      react: ^16.8 || ^17.0 || ^18.0 || ^19.0 || ^19.0.0-rc
    peerDependenciesMeta:
      '@types/react':
        optional: true

  '@radix-ui/react-use-size@1.1.1':
    resolution: {integrity: sha512-ewrXRDTAqAXlkl6t/fkXWNAhFX9I+CkKlw6zjEwk86RSPKwZr3xpBRso655aqYafwtnbpHLj6toFzmd6xdVptQ==}
    peerDependencies:
      '@types/react': '*'
      react: ^16.8 || ^17.0 || ^18.0 || ^19.0 || ^19.0.0-rc
    peerDependenciesMeta:
      '@types/react':
        optional: true

  '@radix-ui/react-visually-hidden@1.2.3':
    resolution: {integrity: sha512-pzJq12tEaaIhqjbzpCuv/OypJY/BPavOofm+dbab+MHLajy277+1lLm6JFcGgF5eskJ6mquGirhXY2GD/8u8Ug==}
    peerDependencies:
      '@types/react': '*'
      '@types/react-dom': '*'
      react: ^16.8 || ^17.0 || ^18.0 || ^19.0 || ^19.0.0-rc
      react-dom: ^16.8 || ^17.0 || ^18.0 || ^19.0 || ^19.0.0-rc
    peerDependenciesMeta:
      '@types/react':
        optional: true
      '@types/react-dom':
        optional: true

  '@radix-ui/rect@1.1.1':
    resolution: {integrity: sha512-HPwpGIzkl28mWyZqG52jiqDJ12waP11Pa1lGoiyUkIEuMLBP0oeK/C89esbXrxsky5we7dfd8U58nm0SgAWpVw==}

  react-dom@19.2.4:
    resolution: {integrity: sha512-AXJdLo8kgMbimY95O2aKQqsz2iWi9jMgKJhRBAxECE4IFxfcazB2LmzloIoibJI3C12IlY20+KFaLv+71bUJeQ==}
    peerDependencies:
      react: ^19.2.4

  react-icons@5.6.0:
    resolution: {integrity: sha512-RH93p5ki6LfOiIt0UtDyNg/cee+HLVR6cHHtW3wALfo+eOHTp8RnU2kRkI6E+H19zMIs03DyxUG/GfZMOGvmiA==}
    peerDependencies:
      react: '*'

  react@19.2.4:
    resolution: {integrity: sha512-9nfp2hYpCwOjAN+8TZFGhtWEwgvWHXqESH8qT89AT/lWklpLON22Lc8pEtnpsZz7VmawabSU0gCjnj8aC0euHQ==}
    engines: {node: '>=0.10.0'}

  scheduler@0.27.0:
    resolution: {integrity: sha512-eNv+WrVbKu1f3vbYJT/xtiF5syA5HPIMtf9IgY/nKg0sWqzAUEvqY/xm7OcZc/qafLx/iO9FgOmeSAp4v5ti/Q==}

snapshots:

  '@floating-ui/core@1.7.5':
    dependencies:
      '@floating-ui/utils': 0.2.11

  '@floating-ui/dom@1.7.6':
    dependencies:
      '@floating-ui/core': 1.7.5
      '@floating-ui/utils': 0.2.11

  '@floating-ui/react-dom@2.1.8(react-dom@19.2.4(react@19.2.4))(react@19.2.4)':
    dependencies:
      '@floating-ui/dom': 1.7.6
      react: 19.2.4
      react-dom: 19.2.4(react@19.2.4)

  '@floating-ui/utils@0.2.11': {}

  '@radix-ui/primitive@1.1.3': {}

  '@radix-ui/react-arrow@1.1.7(react-dom@19.2.4(react@19.2.4))(react@19.2.4)':
    dependencies:
      '@radix-ui/react-primitive': 2.1.3(react-dom@19.2.4(react@19.2.4))(react@19.2.4)
      react: 19.2.4
      react-dom: 19.2.4(react@19.2.4)

  '@radix-ui/react-compose-refs@1.1.2(react@19.2.4)':
    dependencies:
      react: 19.2.4

  '@radix-ui/react-context@1.1.2(react@19.2.4)':
    dependencies:
      react: 19.2.4

  '@radix-ui/react-dismissable-layer@1.1.11(react-dom@19.2.4(react@19.2.4))(react@19.2.4)':
    dependencies:
      '@radix-ui/primitive': 1.1.3
      '@radix-ui/react-compose-refs': 1.1.2(react@19.2.4)
      '@radix-ui/react-primitive': 2.1.3(react-dom@19.2.4(react@19.2.4))(react@19.2.4)
      '@radix-ui/react-use-callback-ref': 1.1.1(react@19.2.4)
      '@radix-ui/react-use-escape-keydown': 1.1.1(react@19.2.4)
      react: 19.2.4
      react-dom: 19.2.4(react@19.2.4)

  '@radix-ui/react-id@1.1.1(react@19.2.4)':
    dependencies:
      '@radix-ui/react-use-layout-effect': 1.1.1(react@19.2.4)
      react: 19.2.4

  '@radix-ui/react-popper@1.2.8(react-dom@19.2.4(react@19.2.4))(react@19.2.4)':
    dependencies:
      '@floating-ui/react-dom': 2.1.8(react-dom@19.2.4(react@19.2.4))(react@19.2.4)
      '@radix-ui/react-arrow': 1.1.7(react-dom@19.2.4(react@19.2.4))(react@19.2.4)
      '@radix-ui/react-compose-refs': 1.1.2(react@19.2.4)
      '@radix-ui/react-context': 1.1.2(react@19.2.4)
      '@radix-ui/react-primitive': 2.1.3(react-dom@19.2.4(react@19.2.4))(react@19.2.4)
      '@radix-ui/react-use-callback-ref': 1.1.1(react@19.2.4)
      '@radix-ui/react-use-layout-effect': 1.1.1(react@19.2.4)
      '@radix-ui/react-use-rect': 1.1.1(react@19.2.4)
      '@radix-ui/react-use-size': 1.1.1(react@19.2.4)
      '@radix-ui/rect': 1.1.1
      react: 19.2.4
      react-dom: 19.2.4(react@19.2.4)

  '@radix-ui/react-portal@1.1.9(react-dom@19.2.4(react@19.2.4))(react@19.2.4)':
    dependencies:
      '@radix-ui/react-primitive': 2.1.3(react-dom@19.2.4(react@19.2.4))(react@19.2.4)
      '@radix-ui/react-use-layout-effect': 1.1.1(react@19.2.4)
      react: 19.2.4
      react-dom: 19.2.4(react@19.2.4)

  '@radix-ui/react-presence@1.1.5(react-dom@19.2.4(react@19.2.4))(react@19.2.4)':
    dependencies:
      '@radix-ui/react-compose-refs': 1.1.2(react@19.2.4)
      '@radix-ui/react-use-layout-effect': 1.1.1(react@19.2.4)
      react: 19.2.4
      react-dom: 19.2.4(react@19.2.4)

  '@radix-ui/react-primitive@2.1.3(react-dom@19.2.4(react@19.2.4))(react@19.2.4)':
    dependencies:
      '@radix-ui/react-slot': 1.2.3(react@19.2.4)
      react: 19.2.4
      react-dom: 19.2.4(react@19.2.4)

  '@radix-ui/react-slot@1.2.3(react@19.2.4)':
    dependencies:
      '@radix-ui/react-compose-refs': 1.1.2(react@19.2.4)
      react: 19.2.4

  '@radix-ui/react-tooltip@1.2.8(react-dom@19.2.4(react@19.2.4))(react@19.2.4)':
    dependencies:
      '@radix-ui/primitive': 1.1.3
      '@radix-ui/react-compose-refs': 1.1.2(react@19.2.4)
      '@radix-ui/react-context': 1.1.2(react@19.2.4)
      '@radix-ui/react-dismissable-layer': 1.1.11(react-dom@19.2.4(react@19.2.4))(react@19.2.4)
      '@radix-ui/react-id': 1.1.1(react@19.2.4)
      '@radix-ui/react-popper': 1.2.8(react-dom@19.2.4(react@19.2.4))(react@19.2.4)
      '@radix-ui/react-portal': 1.1.9(react-dom@19.2.4(react@19.2.4))(react@19.2.4)
      '@radix-ui/react-presence': 1.1.5(react-dom@19.2.4(react@19.2.4))(react@19.2.4)
      '@radix-ui/react-primitive': 2.1.3(react-dom@19.2.4(react@19.2.4))(react@19.2.4)
      '@radix-ui/react-slot': 1.2.3(react@19.2.4)
      '@radix-ui/react-use-controllable-state': 1.2.2(react@19.2.4)
      '@radix-ui/react-visually-hidden': 1.2.3(react-dom@19.2.4(react@19.2.4))(react@19.2.4)
      react: 19.2.4
      react-dom: 19.2.4(react@19.2.4)

  '@radix-ui/react-use-callback-ref@1.1.1(react@19.2.4)':
    dependencies:
      react: 19.2.4

  '@radix-ui/react-use-controllable-state@1.2.2(react@19.2.4)':
    dependencies:
      '@radix-ui/react-use-effect-event': 0.0.2(react@19.2.4)
      '@radix-ui/react-use-layout-effect': 1.1.1(react@19.2.4)
      react: 19.2.4

  '@radix-ui/react-use-effect-event@0.0.2(react@19.2.4)':
    dependencies:
      '@radix-ui/react-use-layout-effect': 1.1.1(react@19.2.4)
      react: 19.2.4

  '@radix-ui/react-use-escape-keydown@1.1.1(react@19.2.4)':
    dependencies:
      '@radix-ui/react-use-callback-ref': 1.1.1(react@19.2.4)
      react: 19.2.4

  '@radix-ui/react-use-layout-effect@1.1.1(react@19.2.4)':
    dependencies:
      react: 19.2.4

  '@radix-ui/react-use-rect@1.1.1(react@19.2.4)':
    dependencies:
      '@radix-ui/rect': 1.1.1
      react: 19.2.4

  '@radix-ui/react-use-size@1.1.1(react@19.2.4)':
    dependencies:
      '@radix-ui/react-use-layout-effect': 1.1.1(react@19.2.4)
      react: 19.2.4

  '@radix-ui/react-visually-hidden@1.2.3(react-dom@19.2.4(react@19.2.4))(react@19.2.4)':
    dependencies:
      '@radix-ui/react-primitive': 2.1.3(react-dom@19.2.4(react@19.2.4))(react@19.2.4)
      react: 19.2.4
      react-dom: 19.2.4(react@19.2.4)

  '@radix-ui/rect@1.1.1': {}

  react-dom@19.2.4(react@19.2.4):
    dependencies:
      react: 19.2.4
      scheduler: 0.27.0

  react-icons@5.6.0(react@19.2.4):
    dependencies:
      react: 19.2.4

  react@19.2.4: {}

  scheduler@0.27.0: {}
