
Microsoft Visual Studio Solution File, Format Version 12.00
# Visual Studio Version 17
VisualStudioVersion = 17.0.32014.148
MinimumVisualStudioVersion = 10.0.40219.1
Project("{9A19103F-16F7-4668-BE54-9A1E7A4F7556}") = "Tests.NoSql", "app\Tests.NoSql\Tests.NoSql.csproj", "{E95802B0-9809-4F20-9453-CE0BF9EB79A5}"
EndProject
Project("{2150E333-8FDC-42A3-9474-1A3956D46DE8}") = "Solution Items", "Solution Items", "{490938F7-A522-4B42-9298-02AA0B7DA8A8}"
	ProjectSection(SolutionItems) = preProject
		.editorconfig = .editorconfig
	EndProjectSection
EndProject
Project("{9A19103F-16F7-4668-BE54-9A1E7A4F7556}") = "Common", "app\Common\Common.csproj", "{6B61B67E-5B79-4DA1-9A1C-DBDCD189AC4F}"
EndProject
Project("{9A19103F-16F7-4668-BE54-9A1E7A4F7556}") = "SignalR", "app\SignalR\SignalR.csproj", "{6740BAD9-50EA-4D0D-9DA5-9878628C1447}"
EndProject
Project("{9A19103F-16F7-4668-BE54-9A1E7A4F7556}") = "Api.NoSql", "app\Api.NoSql\Api.NoSql.csproj", "{28D35E61-43B2-4D4A-BAF3-2D691B0C7054}"
EndProject
Project("{9A19103F-16F7-4668-BE54-9A1E7A4F7556}") = "Api.Sql", "app\Api.Sql\Api.Sql.csproj", "{0920ED0E-6C20-4661-BEB4-E9FED92C183D}"
EndProject
Project("{E53339B2-1760-4266-BCC7-CA923CBCF16C}") = "docker-compose.nosql", "docker-compose.nosql.dcproj", "{17E5C63C-CFDD-4BAB-8035-37829C272A1D}"
EndProject
Project("{9A19103F-16F7-4668-BE54-9A1E7A4F7556}") = "Tests.Sql", "app\Tests.Sql\Tests.Sql.csproj", "{8956C3D9-2A21-4FC7-A481-B502F3D79966}"
EndProject
Project("{9A19103F-16F7-4668-BE54-9A1E7A4F7556}") = "Scheduler", "app\Scheduler\Scheduler.csproj", "{5A4E62B8-0502-446D-93BF-A20994A60436}"
EndProject
Project("{E53339B2-1760-4266-BCC7-CA923CBCF16C}") = "docker-compose.sql", "docker-compose.sql.dcproj", "{DEC14DE9-C47B-45EC-AAF7-5FC2BC287A6B}"
EndProject
Project("{FAE04EC0-301F-11D3-BF4B-00C04F79EFBC}") = "Migrator.Sql", "app\Migrator.Sql\Migrator.Sql.csproj", "{6126EFA0-3E9D-4AA8-BE7B-05436B6AB673}"
EndProject
Project("{FAE04EC0-301F-11D3-BF4B-00C04F79EFBC}") = "Migrator.NoSql", "app\Migrator.NoSql\Migrator.NoSql.csproj", "{15B90F7F-A16D-4445-A0DD-3B9CFB212A58}"
EndProject
Global
	GlobalSection(SolutionConfigurationPlatforms) = preSolution
		Debug|Any CPU = Debug|Any CPU
		Release|Any CPU = Release|Any CPU
	EndGlobalSection
	GlobalSection(ProjectConfigurationPlatforms) = postSolution
		{E95802B0-9809-4F20-9453-CE0BF9EB79A5}.Debug|Any CPU.ActiveCfg = Debug|Any CPU
		{E95802B0-9809-4F20-9453-CE0BF9EB79A5}.Debug|Any CPU.Build.0 = Debug|Any CPU
		{E95802B0-9809-4F20-9453-CE0BF9EB79A5}.Release|Any CPU.ActiveCfg = Release|Any CPU
		{E95802B0-9809-4F20-9453-CE0BF9EB79A5}.Release|Any CPU.Build.0 = Release|Any CPU
		{6B61B67E-5B79-4DA1-9A1C-DBDCD189AC4F}.Debug|Any CPU.ActiveCfg = Debug|Any CPU
		{6B61B67E-5B79-4DA1-9A1C-DBDCD189AC4F}.Debug|Any CPU.Build.0 = Debug|Any CPU
		{6B61B67E-5B79-4DA1-9A1C-DBDCD189AC4F}.Release|Any CPU.ActiveCfg = Release|Any CPU
		{6B61B67E-5B79-4DA1-9A1C-DBDCD189AC4F}.Release|Any CPU.Build.0 = Release|Any CPU
		{6740BAD9-50EA-4D0D-9DA5-9878628C1447}.Debug|Any CPU.ActiveCfg = Debug|Any CPU
		{6740BAD9-50EA-4D0D-9DA5-9878628C1447}.Debug|Any CPU.Build.0 = Debug|Any CPU
		{6740BAD9-50EA-4D0D-9DA5-9878628C1447}.Release|Any CPU.ActiveCfg = Release|Any CPU
		{6740BAD9-50EA-4D0D-9DA5-9878628C1447}.Release|Any CPU.Build.0 = Release|Any CPU
		{28D35E61-43B2-4D4A-BAF3-2D691B0C7054}.Debug|Any CPU.ActiveCfg = Debug|Any CPU
		{28D35E61-43B2-4D4A-BAF3-2D691B0C7054}.Debug|Any CPU.Build.0 = Debug|Any CPU
		{28D35E61-43B2-4D4A-BAF3-2D691B0C7054}.Release|Any CPU.ActiveCfg = Release|Any CPU
		{28D35E61-43B2-4D4A-BAF3-2D691B0C7054}.Release|Any CPU.Build.0 = Release|Any CPU
		{0920ED0E-6C20-4661-BEB4-E9FED92C183D}.Debug|Any CPU.ActiveCfg = Debug|Any CPU
		{0920ED0E-6C20-4661-BEB4-E9FED92C183D}.Debug|Any CPU.Build.0 = Debug|Any CPU
		{0920ED0E-6C20-4661-BEB4-E9FED92C183D}.Release|Any CPU.ActiveCfg = Release|Any CPU
		{0920ED0E-6C20-4661-BEB4-E9FED92C183D}.Release|Any CPU.Build.0 = Release|Any CPU
		{17E5C63C-CFDD-4BAB-8035-37829C272A1D}.Debug|Any CPU.ActiveCfg = Debug|Any CPU
		{17E5C63C-CFDD-4BAB-8035-37829C272A1D}.Debug|Any CPU.Build.0 = Debug|Any CPU
		{17E5C63C-CFDD-4BAB-8035-37829C272A1D}.Release|Any CPU.ActiveCfg = Release|Any CPU
		{17E5C63C-CFDD-4BAB-8035-37829C272A1D}.Release|Any CPU.Build.0 = Release|Any CPU
		{8956C3D9-2A21-4FC7-A481-B502F3D79966}.Debug|Any CPU.ActiveCfg = Debug|Any CPU
		{8956C3D9-2A21-4FC7-A481-B502F3D79966}.Debug|Any CPU.Build.0 = Debug|Any CPU
		{8956C3D9-2A21-4FC7-A481-B502F3D79966}.Release|Any CPU.ActiveCfg = Release|Any CPU
		{8956C3D9-2A21-4FC7-A481-B502F3D79966}.Release|Any CPU.Build.0 = Release|Any CPU
		{5A4E62B8-0502-446D-93BF-A20994A60436}.Debug|Any CPU.ActiveCfg = Debug|Any CPU
		{5A4E62B8-0502-446D-93BF-A20994A60436}.Debug|Any CPU.Build.0 = Debug|Any CPU
		{5A4E62B8-0502-446D-93BF-A20994A60436}.Release|Any CPU.ActiveCfg = Release|Any CPU
		{5A4E62B8-0502-446D-93BF-A20994A60436}.Release|Any CPU.Build.0 = Release|Any CPU
		{DEC14DE9-C47B-45EC-AAF7-5FC2BC287A6B}.Debug|Any CPU.ActiveCfg = Debug|Any CPU
		{DEC14DE9-C47B-45EC-AAF7-5FC2BC287A6B}.Debug|Any CPU.Build.0 = Debug|Any CPU
		{DEC14DE9-C47B-45EC-AAF7-5FC2BC287A6B}.Release|Any CPU.ActiveCfg = Release|Any CPU
		{DEC14DE9-C47B-45EC-AAF7-5FC2BC287A6B}.Release|Any CPU.Build.0 = Release|Any CPU
		{6126EFA0-3E9D-4AA8-BE7B-05436B6AB673}.Debug|Any CPU.ActiveCfg = Debug|Any CPU
		{6126EFA0-3E9D-4AA8-BE7B-05436B6AB673}.Debug|Any CPU.Build.0 = Debug|Any CPU
		{6126EFA0-3E9D-4AA8-BE7B-05436B6AB673}.Release|Any CPU.ActiveCfg = Release|Any CPU
		{6126EFA0-3E9D-4AA8-BE7B-05436B6AB673}.Release|Any CPU.Build.0 = Release|Any CPU
		{15B90F7F-A16D-4445-A0DD-3B9CFB212A58}.Debug|Any CPU.ActiveCfg = Debug|Any CPU
		{15B90F7F-A16D-4445-A0DD-3B9CFB212A58}.Debug|Any CPU.Build.0 = Debug|Any CPU
		{15B90F7F-A16D-4445-A0DD-3B9CFB212A58}.Release|Any CPU.ActiveCfg = Release|Any CPU
		{15B90F7F-A16D-4445-A0DD-3B9CFB212A58}.Release|Any CPU.Build.0 = Release|Any CPU
	EndGlobalSection
	GlobalSection(SolutionProperties) = preSolution
		HideSolutionNode = FALSE
	EndGlobalSection
	GlobalSection(ExtensibilityGlobals) = postSolution
		SolutionGuid = {1991FD95-4091-4916-B413-CE92434A1D46}
	EndGlobalSection
EndGlobal
